
Microsoft Visual Studio Solution File, Format Version 12.00
# Visual Studio 15
Project("{FAE04EC0-301F-11D3-BF4B-00C04F79EFBC}") = "Assembly-CSharp", "Assembly-CSharp.csproj", "{79DE7FD1-DE47-2454-BB39-2DD1646432D1}"
EndProject
Project("{FAE04EC0-301F-11D3-BF4B-00C04F79EFBC}") = "Assembly-CSharp-Editor", "Assembly-CSharp-Editor.csproj", "{9C84A166-19A8-C0AC-C2D0-2A10D12FF67E}"
EndProject
Global
	GlobalSection(SolutionConfigurationPlatforms) = preSolution
		Debug|Any CPU = Debug|Any CPU
		Release|Any CPU = Release|Any CPU
	EndGlobalSection
	GlobalSection(ProjectConfigurationPlatforms) = postSolution
		{79DE7FD1-DE47-2454-BB39-2DD1646432D1}.Debug|Any CPU.ActiveCfg = Debug|Any CPU
		{79DE7FD1-DE47-2454-BB39-2DD1646432D1}.Debug|Any CPU.Build.0 = Debug|Any CPU
		{79DE7FD1-DE47-2454-BB39-2DD1646432D1}.Release|Any CPU.ActiveCfg = Release|Any CPU
		{79DE7FD1-DE47-2454-BB39-2DD1646432D1}.Release|Any CPU.Build.0 = Release|Any CPU
		{9C84A166-19A8-C0AC-C2D0-2A10D12FF67E}.Debug|Any CPU.ActiveCfg = Debug|Any CPU
		{9C84A166-19A8-C0AC-C2D0-2A10D12FF67E}.Debug|Any CPU.Build.0 = Debug|Any CPU
		{9C84A166-19A8-C0AC-C2D0-2A10D12FF67E}.Release|Any CPU.ActiveCfg = Release|Any CPU
		{9C84A166-19A8-C0AC-C2D0-2A10D12FF67E}.Release|Any CPU.Build.0 = Release|Any CPU
	EndGlobalSection
	GlobalSection(SolutionProperties) = preSolution
		HideSolutionNode = FALSE
	EndGlobalSection
EndGlobal
